
Microsoft Visual Studio Solution File, Format Version 12.00
# Visual Studio Version 17
VisualStudioVersion = 17.13.35931.197 d17.13
MinimumVisualStudioVersion = 10.0.40219.1
Project("{FAE04EC0-301F-11D3-BF4B-00C04F79EFBC}") = "CashFlowManagement", "CashFlowManagement\CashFlowManagement.csproj", "{CDF80E2C-E61E-486F-8CDB-9DEF3097A55F}"
EndProject
Global
	GlobalSection(SolutionConfigurationPlatforms) = preSolution
		Debug|Any CPU = Debug|Any CPU
		Release|Any CPU = Release|Any CPU
	EndGlobalSection
	GlobalSection(ProjectConfigurationPlatforms) = postSolution
		{CDF80E2C-E61E-486F-8CDB-9DEF3097A55F}.Debug|Any CPU.ActiveCfg = Debug|Any CPU
		{CDF80E2C-E61E-486F-8CDB-9DEF3097A55F}.Debug|Any CPU.Build.0 = Debug|Any CPU
		{CDF80E2C-E61E-486F-8CDB-9DEF3097A55F}.Release|Any CPU.ActiveCfg = Release|Any CPU
		{CDF80E2C-E61E-486F-8CDB-9DEF3097A55F}.Release|Any CPU.Build.0 = Release|Any CPU
	EndGlobalSection
	GlobalSection(SolutionProperties) = preSolution
		HideSolutionNode = FALSE
	EndGlobalSection
	GlobalSection(ExtensibilityGlobals) = postSolution
		SolutionGuid = {AFFF4BB8-CCB6-40BD-9CD9-E65F73CF517E}
	EndGlobalSection
EndGlobal
